// !$*UTF8*$!
{
	archiveVersion = 1;
	classes = {
	};
	objectVersion = 50;
	objects = {

/* Begin PBXFileReference section */
		81F06DA121DDA4B200709DAD /* generic.html */ = {isa = PBXFileReference; lastKnownFileType = text.html; path = generic.html; sourceTree = "<group>"; };
		81F06DA221DDA4B200709DAD /* LICENSE.txt */ = {isa = PBXFileReference; lastKnownFileType = text; path = LICENSE.txt; sourceTree = "<group>"; };
		81F06DA321DDA4B200709DAD /* assets */ = {isa = PBXFileReference; lastKnownFileType = folder; path = assets; sourceTree = "<group>"; };
		81F06DA421DDA4B200709DAD /* images */ = {isa = PBXFileReference; lastKnownFileType = folder; path = images; sourceTree = "<group>"; };
		81F06DA521DDA4B200709DAD /* elements.html */ = {isa = PBXFileReference; lastKnownFileType = text.html; path = elements.html; sourceTree = "<group>"; };
		81F06DA621DDA4B300709DAD /* index.html */ = {isa = PBXFileReference; lastKnownFileType = text.html; path = index.html; sourceTree = "<group>"; };
		81F06DA721DDA4B300709DAD /* README.txt */ = {isa = PBXFileReference; lastKnownFileType = text; path = README.txt; sourceTree = "<group>"; };
/* End PBXFileReference section */

/* Begin PBXGroup section */
		81F06D9A21DDA47200709DAD = {
			isa = PBXGroup;
			children = (
				81F06DA321DDA4B200709DAD /* assets */,
				81F06DA521DDA4B200709DAD /* elements.html */,
				81F06DA121DDA4B200709DAD /* generic.html */,
				81F06DA421DDA4B200709DAD /* images */,
				81F06DA621DDA4B300709DAD /* index.html */,
				81F06DA221DDA4B200709DAD /* LICENSE.txt */,
				81F06DA721DDA4B300709DAD /* README.txt */,
			);
			sourceTree = "<group>";
		};
/* End PBXGroup section */

/* Begin PBXProject section */
		81F06D9B21DDA47200709DAD /* Project object */ = {
			isa = PBXProject;
			attributes = {
				LastUpgradeCheck = 1010;
			};
			buildConfigurationList = 81F06D9E21DDA47200709DAD /* Build configuration list for PBXProject "My_Portfolio" */;
			compatibilityVersion = "Xcode 9.3";
			developmentRegion = en;
			hasScannedForEncodings = 0;
			knownRegions = (
				en,
			);
			mainGroup = 81F06D9A21DDA47200709DAD;
			projectDirPath = "";
			projectRoot = "";
			targets = (
			);
		};
/* End PBXProject section */

/* Begin XCBuildConfiguration section */
		81F06D9F21DDA47200709DAD /* Debug */ = {
			isa = XCBuildConfiguration;
			buildSettings = {
			};
			name = Debug;
		};
		81F06DA021DDA47200709DAD /* Release */ = {
			isa = XCBuildConfiguration;
			buildSettings = {
			};
			name = Release;
		};
/* End XCBuildConfiguration section */

/* Begin XCConfigurationList section */
		81F06D9E21DDA47200709DAD /* Build configuration list for PBXProject "My_Portfolio" */ = {
			isa = XCConfigurationList;
			buildConfigurations = (
				81F06D9F21DDA47200709DAD /* Debug */,
				81F06DA021DDA47200709DAD /* Release */,
			);
			defaultConfigurationIsVisible = 0;
			defaultConfigurationName = Release;
		};
/* End XCConfigurationList section */
	};
	rootObject = 81F06D9B21DDA47200709DAD /* Project object */;
}
